
Microsoft Visual Studio Solution File, Format Version 12.00
# Visual Studio Version 17
VisualStudioVersion = 17.0.32014.148
MinimumVisualStudioVersion = 10.0.40219.1
Project("{FAE04EC0-301F-11D3-BF4B-00C04F79EFBC}") = "matrizSoma4x4", "matrizSoma4x4\matrizSoma4x4.csproj", "{58B5605D-5030-40FF-8F01-20BDAA7F9003}"
EndProject
Global
	GlobalSection(SolutionConfigurationPlatforms) = preSolution
		Debug|Any CPU = Debug|Any CPU
		Release|Any CPU = Release|Any CPU
	EndGlobalSection
	GlobalSection(ProjectConfigurationPlatforms) = postSolution
		{58B5605D-5030-40FF-8F01-20BDAA7F9003}.Debug|Any CPU.ActiveCfg = Debug|Any CPU
		{58B5605D-5030-40FF-8F01-20BDAA7F9003}.Debug|Any CPU.Build.0 = Debug|Any CPU
		{58B5605D-5030-40FF-8F01-20BDAA7F9003}.Release|Any CPU.ActiveCfg = Release|Any CPU
		{58B5605D-5030-40FF-8F01-20BDAA7F9003}.Release|Any CPU.Build.0 = Release|Any CPU
	EndGlobalSection
	GlobalSection(SolutionProperties) = preSolution
		HideSolutionNode = FALSE
	EndGlobalSection
	GlobalSection(ExtensibilityGlobals) = postSolution
		SolutionGuid = {78128758-283D-48DD-A334-28C5E4CB2252}
	EndGlobalSection
EndGlobal
