
Microsoft Visual Studio Solution File, Format Version 12.00
# Visual Studio Version 17
VisualStudioVersion = 17.0.31919.166
MinimumVisualStudioVersion = 10.0.40219.1
Project("{FAE04EC0-301F-11D3-BF4B-00C04F79EFBC}") = "quantPares", "quantPares\quantPares.csproj", "{57D64F3D-3FB6-46FF-BDE0-05A5DC8AF577}"
EndProject
Global
	GlobalSection(SolutionConfigurationPlatforms) = preSolution
		Debug|Any CPU = Debug|Any CPU
		Release|Any CPU = Release|Any CPU
	EndGlobalSection
	GlobalSection(ProjectConfigurationPlatforms) = postSolution
		{57D64F3D-3FB6-46FF-BDE0-05A5DC8AF577}.Debug|Any CPU.ActiveCfg = Debug|Any CPU
		{57D64F3D-3FB6-46FF-BDE0-05A5DC8AF577}.Debug|Any CPU.Build.0 = Debug|Any CPU
		{57D64F3D-3FB6-46FF-BDE0-05A5DC8AF577}.Release|Any CPU.ActiveCfg = Release|Any CPU
		{57D64F3D-3FB6-46FF-BDE0-05A5DC8AF577}.Release|Any CPU.Build.0 = Release|Any CPU
	EndGlobalSection
	GlobalSection(SolutionProperties) = preSolution
		HideSolutionNode = FALSE
	EndGlobalSection
	GlobalSection(ExtensibilityGlobals) = postSolution
		SolutionGuid = {D7619C4E-98DE-400A-8F45-1B47C0FED3ED}
	EndGlobalSection
EndGlobal
