
Microsoft Visual Studio Solution File, Format Version 12.00
# Visual Studio Version 17
VisualStudioVersion = 17.0.31919.166
MinimumVisualStudioVersion = 10.0.40219.1
Project("{FAE04EC0-301F-11D3-BF4B-00C04F79EFBC}") = "somaRepFor", "somaRepFor\somaRepFor.csproj", "{0EA4CA5A-E7EB-4D52-B84D-116E381648CA}"
EndProject
Global
	GlobalSection(SolutionConfigurationPlatforms) = preSolution
		Debug|Any CPU = Debug|Any CPU
		Release|Any CPU = Release|Any CPU
	EndGlobalSection
	GlobalSection(ProjectConfigurationPlatforms) = postSolution
		{0EA4CA5A-E7EB-4D52-B84D-116E381648CA}.Debug|Any CPU.ActiveCfg = Debug|Any CPU
		{0EA4CA5A-E7EB-4D52-B84D-116E381648CA}.Debug|Any CPU.Build.0 = Debug|Any CPU
		{0EA4CA5A-E7EB-4D52-B84D-116E381648CA}.Release|Any CPU.ActiveCfg = Release|Any CPU
		{0EA4CA5A-E7EB-4D52-B84D-116E381648CA}.Release|Any CPU.Build.0 = Release|Any CPU
	EndGlobalSection
	GlobalSection(SolutionProperties) = preSolution
		HideSolutionNode = FALSE
	EndGlobalSection
	GlobalSection(ExtensibilityGlobals) = postSolution
		SolutionGuid = {A20F2FDD-33C0-4BE0-AEA9-74050B8573A7}
	EndGlobalSection
EndGlobal
